
Microsoft Visual Studio Solution File, Format Version 12.00
# Visual Studio Version 17
VisualStudioVersion = 17.7.34031.279
MinimumVisualStudioVersion = 10.0.40219.1
Project("{9A19103F-16F7-4668-BE54-9A1E7A4F7556}") = "SteamSupreme", "SteamSupreme\SteamSupreme.csproj", "{CCAB2290-645C-4D73-A594-73882116E3DD}"
EndProject
Project("{FAE04EC0-301F-11D3-BF4B-00C04F79EFBC}") = "DAL", "DAL\DAL.csproj", "{451F6038-D488-4724-937E-38B1B5A05232}"
EndProject
Global
	GlobalSection(SolutionConfigurationPlatforms) = preSolution
		Debug|Any CPU = Debug|Any CPU
		Release|Any CPU = Release|Any CPU
	EndGlobalSection
	GlobalSection(ProjectConfigurationPlatforms) = postSolution
		{CCAB2290-645C-4D73-A594-73882116E3DD}.Debug|Any CPU.ActiveCfg = Debug|Any CPU
		{CCAB2290-645C-4D73-A594-73882116E3DD}.Debug|Any CPU.Build.0 = Debug|Any CPU
		{CCAB2290-645C-4D73-A594-73882116E3DD}.Release|Any CPU.ActiveCfg = Release|Any CPU
		{CCAB2290-645C-4D73-A594-73882116E3DD}.Release|Any CPU.Build.0 = Release|Any CPU
		{451F6038-D488-4724-937E-38B1B5A05232}.Debug|Any CPU.ActiveCfg = Debug|Any CPU
		{451F6038-D488-4724-937E-38B1B5A05232}.Debug|Any CPU.Build.0 = Debug|Any CPU
		{451F6038-D488-4724-937E-38B1B5A05232}.Release|Any CPU.ActiveCfg = Release|Any CPU
		{451F6038-D488-4724-937E-38B1B5A05232}.Release|Any CPU.Build.0 = Release|Any CPU
	EndGlobalSection
	GlobalSection(SolutionProperties) = preSolution
		HideSolutionNode = FALSE
	EndGlobalSection
	GlobalSection(ExtensibilityGlobals) = postSolution
		SolutionGuid = {AA2BAA4C-D711-4ACB-899E-D1CE35079B8C}
	EndGlobalSection
EndGlobal
